{
    "_readme": [
        "This file locks the dependencies of your project to a known state",
        "Read more about it at https://getcomposer.org/doc/01-basic-usage.md#installing-dependencies",
        "This file is @generated automatically"
    ],
    "content-hash": "94e08c6d26d0ee90e62b4c7b637e7331",
    "packages": [
        {
            "name": "gmostafa/php-graphql-client",
            "version": "v1.6",
            "source": {
                "type": "git",
                "url": "https://github.com/mghoneimy/php-graphql-client.git",
                "reference": "6acb643ac107bc1fc8bc2f3e0fde9778ddbd3a16"
            },
            "dist": {
                "type": "zip",
                "url": "https://api.github.com/repos/mghoneimy/php-graphql-client/zipball/6acb643ac107bc1fc8bc2f3e0fde9778ddbd3a16",
                "reference": "6acb643ac107bc1fc8bc2f3e0fde9778ddbd3a16",
                "shasum": ""
            },
            "require": {
                "ext-json": "*",
                "guzzlehttp/guzzle": "^6.3",
                "php": "^7.1",
                "psr/http-client": "^1.0",
                "psr/http-message": "^1.0"
            },
            "require-dev": {
                "codacy/coverage": "^1.4",
                "phpunit/phpunit": "^7.5|^8.0"
            },
            "suggest": {
                "gmostafa/php-graphql-oqm": "To have object-to-query mapping support"
            },
            "type": "library",
            "autoload": {
                "psr-4": {
                    "GraphQL\\": "src/"
                }
            },
            "notification-url": "https://packagist.org/downloads/",
            "license": [
                "MIT"
            ],
            "authors": [
                {
                    "name": "Mostafa Ghoneimy",
                    "email": "emostafagh@gmail.com"
                }
            ],
            "description": "GraphQL client and query builder.",
            "keywords": [
                "builder",
                "client",
                "graph-ql",
                "graphql",
                "php",
                "query",
                "query-builder"
            ],
            "time": "2020-06-14T22:17:52+00:00"
        },
        {
            "name": "guzzlehttp/guzzle",
            "version": "6.5.5",
            "source": {
                "type": "git",
                "url": "https://github.com/guzzle/guzzle.git",
                "reference": "9d4290de1cfd701f38099ef7e183b64b4b7b0c5e"
            },
            "dist": {
                "type": "zip",
                "url": "https://api.github.com/repos/guzzle/guzzle/zipball/9d4290de1cfd701f38099ef7e183b64b4b7b0c5e",
                "reference": "9d4290de1cfd701f38099ef7e183b64b4b7b0c5e",
                "shasum": ""
            },
            "require": {
                "ext-json": "*",
                "guzzlehttp/promises": "^1.0",
                "guzzlehttp/psr7": "^1.6.1",
                "php": ">=5.5",
                "symfony/polyfill-intl-idn": "^1.17.0"
            },
            "require-dev": {
                "ext-curl": "*",
                "phpunit/phpunit": "^4.8.35 || ^5.7 || ^6.4 || ^7.0",
                "psr/log": "^1.1"
            },
            "suggest": {
                "psr/log": "Required for using the Log middleware"
            },
            "type": "library",
            "extra": {
                "branch-alias": {
                    "dev-master": "6.5-dev"
                }
            },
            "autoload": {
                "psr-4": {
                    "GuzzleHttp\\": "src/"
                },
                "files": [
                    "src/functions_include.php"
                ]
            },
            "notification-url": "https://packagist.org/downloads/",
            "license": [
                "MIT"
            ],
            "authors": [
                {
                    "name": "Michael Dowling",
                    "email": "mtdowling@gmail.com",
                    "homepage": "https://github.com/mtdowling"
                }
            ],
            "description": "Guzzle is a PHP HTTP client library",
            "homepage": "http://guzzlephp.org/",
            "keywords": [
                "client",
                "curl",
                "framework",
                "http",
                "http client",
                "rest",
                "web service"
            ],
            "time": "2020-06-16T21:01:06+00:00"
        },
        {
            "name": "guzzlehttp/promises",
            "version": "v1.3.1",
            "source": {
                "type": "git",
                "url": "https://github.com/guzzle/promises.git",
                "reference": "a59da6cf61d80060647ff4d3eb2c03a2bc694646"
            },
            "dist": {
                "type": "zip",
                "url": "https://api.github.com/repos/guzzle/promises/zipball/a59da6cf61d80060647ff4d3eb2c03a2bc694646",
                "reference": "a59da6cf61d80060647ff4d3eb2c03a2bc694646",
                "shasum": ""
            },
            "require": {
                "php": ">=5.5.0"
            },
            "require-dev": {
                "phpunit/phpunit": "^4.0"
            },
            "type": "library",
            "extra": {
                "branch-alias": {
                    "dev-master": "1.4-dev"
                }
            },
            "autoload": {
                "psr-4": {
                    "GuzzleHttp\\Promise\\": "src/"
                },
                "files": [
                    "src/functions_include.php"
                ]
            },
            "notification-url": "https://packagist.org/downloads/",
            "license": [
                "MIT"
            ],
            "authors": [
                {
                    "name": "Michael Dowling",
                    "email": "mtdowling@gmail.com",
                    "homepage": "https://github.com/mtdowling"
                }
            ],
            "description": "Guzzle promises library",
            "keywords": [
                "promise"
            ],
            "time": "2016-12-20T10:07:11+00:00"
        },
        {
            "name": "guzzlehttp/psr7",
            "version": "1.6.1",
            "source": {
                "type": "git",
                "url": "https://github.com/guzzle/psr7.git",
                "reference": "239400de7a173fe9901b9ac7c06497751f00727a"
            },
            "dist": {
                "type": "zip",
                "url": "https://api.github.com/repos/guzzle/psr7/zipball/239400de7a173fe9901b9ac7c06497751f00727a",
                "reference": "239400de7a173fe9901b9ac7c06497751f00727a",
                "shasum": ""
            },
            "require": {
                "php": ">=5.4.0",
                "psr/http-message": "~1.0",
                "ralouphie/getallheaders": "^2.0.5 || ^3.0.0"
            },
            "provide": {
                "psr/http-message-implementation": "1.0"
            },
            "require-dev": {
                "ext-zlib": "*",
                "phpunit/phpunit": "~4.8.36 || ^5.7.27 || ^6.5.8"
            },
            "suggest": {
                "zendframework/zend-httphandlerrunner": "Emit PSR-7 responses"
            },
            "type": "library",
            "extra": {
                "branch-alias": {
                    "dev-master": "1.6-dev"
                }
            },
            "autoload": {
                "psr-4": {
                    "GuzzleHttp\\Psr7\\": "src/"
                },
                "files": [
                    "src/functions_include.php"
                ]
            },
            "notification-url": "https://packagist.org/downloads/",
            "license": [
                "MIT"
            ],
            "authors": [
                {
                    "name": "Michael Dowling",
                    "email": "mtdowling@gmail.com",
                    "homepage": "https://github.com/mtdowling"
                },
                {
                    "name": "Tobias Schultze",
                    "homepage": "https://github.com/Tobion"
                }
            ],
            "description": "PSR-7 message implementation that also provides common utility methods",
            "keywords": [
                "http",
                "message",
                "psr-7",
                "request",
                "response",
                "stream",
                "uri",
                "url"
            ],
            "time": "2019-07-01T23:21:34+00:00"
        },
        {
            "name": "phpdocumentor/reflection-common",
            "version": "2.2.0",
            "source": {
                "type": "git",
                "url": "https://github.com/phpDocumentor/ReflectionCommon.git",
                "reference": "1d01c49d4ed62f25aa84a747ad35d5a16924662b"
            },
            "dist": {
                "type": "zip",
                "url": "https://api.github.com/repos/phpDocumentor/ReflectionCommon/zipball/1d01c49d4ed62f25aa84a747ad35d5a16924662b",
                "reference": "1d01c49d4ed62f25aa84a747ad35d5a16924662b",
                "shasum": ""
            },
            "require": {
                "php": "^7.2 || ^8.0"
            },
            "type": "library",
            "extra": {
                "branch-alias": {
                    "dev-2.x": "2.x-dev"
                }
            },
            "autoload": {
                "psr-4": {
                    "phpDocumentor\\Reflection\\": "src/"
                }
            },
            "notification-url": "https://packagist.org/downloads/",
            "license": [
                "MIT"
            ],
            "authors": [
                {
                    "name": "Jaap van Otterdijk",
                    "email": "opensource@ijaap.nl"
                }
            ],
            "description": "Common reflection classes used by phpdocumentor to reflect the code structure",
            "homepage": "http://www.phpdoc.org",
            "keywords": [
                "FQSEN",
                "phpDocumentor",
                "phpdoc",
                "reflection",
                "static analysis"
            ],
            "time": "2020-06-27T09:03:43+00:00"
        },
        {
            "name": "phpdocumentor/reflection-docblock",
            "version": "5.1.0",
            "source": {
                "type": "git",
                "url": "https://github.com/phpDocumentor/ReflectionDocBlock.git",
                "reference": "cd72d394ca794d3466a3b2fc09d5a6c1dc86b47e"
            },
            "dist": {
                "type": "zip",
                "url": "https://api.github.com/repos/phpDocumentor/ReflectionDocBlock/zipball/cd72d394ca794d3466a3b2fc09d5a6c1dc86b47e",
                "reference": "cd72d394ca794d3466a3b2fc09d5a6c1dc86b47e",
                "shasum": ""
            },
            "require": {
                "ext-filter": "^7.1",
                "php": "^7.2",
                "phpdocumentor/reflection-common": "^2.0",
                "phpdocumentor/type-resolver": "^1.0",
                "webmozart/assert": "^1"
            },
            "require-dev": {
                "doctrine/instantiator": "^1",
                "mockery/mockery": "^1"
            },
            "type": "library",
            "extra": {
                "branch-alias": {
                    "dev-master": "5.x-dev"
                }
            },
            "autoload": {
                "psr-4": {
                    "phpDocumentor\\Reflection\\": "src"
                }
            },
            "notification-url": "https://packagist.org/downloads/",
            "license": [
                "MIT"
            ],
            "authors": [
                {
                    "name": "Mike van Riel",
                    "email": "me@mikevanriel.com"
                },
                {
                    "name": "Jaap van Otterdijk",
                    "email": "account@ijaap.nl"
                }
            ],
            "description": "With this component, a library can provide support for annotations via DocBlocks or otherwise retrieve information that is embedded in a DocBlock.",
            "time": "2020-02-22T12:28:44+00:00"
        },
        {
            "name": "phpdocumentor/type-resolver",
            "version": "1.3.0",
            "source": {
                "type": "git",
                "url": "https://github.com/phpDocumentor/TypeResolver.git",
                "reference": "e878a14a65245fbe78f8080eba03b47c3b705651"
            },
            "dist": {
                "type": "zip",
                "url": "https://api.github.com/repos/phpDocumentor/TypeResolver/zipball/e878a14a65245fbe78f8080eba03b47c3b705651",
                "reference": "e878a14a65245fbe78f8080eba03b47c3b705651",
                "shasum": ""
            },
            "require": {
                "php": "^7.2 || ^8.0",
                "phpdocumentor/reflection-common": "^2.0"
            },
            "require-dev": {
                "ext-tokenizer": "*"
            },
            "type": "library",
            "extra": {
                "branch-alias": {
                    "dev-1.x": "1.x-dev"
                }
            },
            "autoload": {
                "psr-4": {
                    "phpDocumentor\\Reflection\\": "src"
                }
            },
            "notification-url": "https://packagist.org/downloads/",
            "license": [
                "MIT"
            ],
            "authors": [
                {
                    "name": "Mike van Riel",
                    "email": "me@mikevanriel.com"
                }
            ],
            "description": "A PSR-5 based resolver of Class names, Types and Structural Element Names",
            "time": "2020-06-27T10:12:23+00:00"
        },
        {
            "name": "psr/http-client",
            "version": "1.0.1",
            "source": {
                "type": "git",
                "url": "https://github.com/php-fig/http-client.git",
                "reference": "2dfb5f6c5eff0e91e20e913f8c5452ed95b86621"
            },
            "dist": {
                "type": "zip",
                "url": "https://api.github.com/repos/php-fig/http-client/zipball/2dfb5f6c5eff0e91e20e913f8c5452ed95b86621",
                "reference": "2dfb5f6c5eff0e91e20e913f8c5452ed95b86621",
                "shasum": ""
            },
            "require": {
                "php": "^7.0 || ^8.0",
                "psr/http-message": "^1.0"
            },
            "type": "library",
            "extra": {
                "branch-alias": {
                    "dev-master": "1.0.x-dev"
                }
            },
            "autoload": {
                "psr-4": {
                    "Psr\\Http\\Client\\": "src/"
                }
            },
            "notification-url": "https://packagist.org/downloads/",
            "license": [
                "MIT"
            ],
            "authors": [
                {
                    "name": "PHP-FIG",
                    "homepage": "http://www.php-fig.org/"
                }
            ],
            "description": "Common interface for HTTP clients",
            "homepage": "https://github.com/php-fig/http-client",
            "keywords": [
                "http",
                "http-client",
                "psr",
                "psr-18"
            ],
            "time": "2020-06-29T06:28:15+00:00"
        },
        {
            "name": "psr/http-message",
            "version": "1.0.1",
            "source": {
                "type": "git",
                "url": "https://github.com/php-fig/http-message.git",
                "reference": "f6561bf28d520154e4b0ec72be95418abe6d9363"
            },
            "dist": {
                "type": "zip",
                "url": "https://api.github.com/repos/php-fig/http-message/zipball/f6561bf28d520154e4b0ec72be95418abe6d9363",
                "reference": "f6561bf28d520154e4b0ec72be95418abe6d9363",
                "shasum": ""
            },
            "require": {
                "php": ">=5.3.0"
            },
            "type": "library",
            "extra": {
                "branch-alias": {
                    "dev-master": "1.0.x-dev"
                }
            },
            "autoload": {
                "psr-4": {
                    "Psr\\Http\\Message\\": "src/"
                }
            },
            "notification-url": "https://packagist.org/downloads/",
            "license": [
                "MIT"
            ],
            "authors": [
                {
                    "name": "PHP-FIG",
                    "homepage": "http://www.php-fig.org/"
                }
            ],
            "description": "Common interface for HTTP messages",
            "homepage": "https://github.com/php-fig/http-message",
            "keywords": [
                "http",
                "http-message",
                "psr",
                "psr-7",
                "request",
                "response"
            ],
            "time": "2016-08-06T14:39:51+00:00"
        },
        {
            "name": "ralouphie/getallheaders",
            "version": "3.0.3",
            "source": {
                "type": "git",
                "url": "https://github.com/ralouphie/getallheaders.git",
                "reference": "120b605dfeb996808c31b6477290a714d356e822"
            },
            "dist": {
                "type": "zip",
                "url": "https://api.github.com/repos/ralouphie/getallheaders/zipball/120b605dfeb996808c31b6477290a714d356e822",
                "reference": "120b605dfeb996808c31b6477290a714d356e822",
                "shasum": ""
            },
            "require": {
                "php": ">=5.6"
            },
            "require-dev": {
                "php-coveralls/php-coveralls": "^2.1",
                "phpunit/phpunit": "^5 || ^6.5"
            },
            "type": "library",
            "autoload": {
                "files": [
                    "src/getallheaders.php"
                ]
            },
            "notification-url": "https://packagist.org/downloads/",
            "license": [
                "MIT"
            ],
            "authors": [
                {
                    "name": "Ralph Khattar",
                    "email": "ralph.khattar@gmail.com"
                }
            ],
            "description": "A polyfill for getallheaders.",
            "time": "2019-03-08T08:55:37+00:00"
        },
        {
            "name": "symfony/inflector",
            "version": "v4.4.10",
            "source": {
                "type": "git",
                "url": "https://github.com/symfony/inflector.git",
                "reference": "3330be44724db42f0aa493002ae63f5d29f8d5f7"
            },
            "dist": {
                "type": "zip",
                "url": "https://api.github.com/repos/symfony/inflector/zipball/3330be44724db42f0aa493002ae63f5d29f8d5f7",
                "reference": "3330be44724db42f0aa493002ae63f5d29f8d5f7",
                "shasum": ""
            },
            "require": {
                "php": ">=7.1.3",
                "symfony/polyfill-ctype": "~1.8"
            },
            "type": "library",
            "extra": {
                "branch-alias": {
                    "dev-master": "4.4-dev"
                }
            },
            "autoload": {
                "psr-4": {
                    "Symfony\\Component\\Inflector\\": ""
                },
                "exclude-from-classmap": [
                    "/Tests/"
                ]
            },
            "notification-url": "https://packagist.org/downloads/",
            "license": [
                "MIT"
            ],
            "authors": [
                {
                    "name": "Bernhard Schussek",
                    "email": "bschussek@gmail.com"
                },
                {
                    "name": "Symfony Community",
                    "homepage": "https://symfony.com/contributors"
                }
            ],
            "description": "Symfony Inflector Component",
            "homepage": "https://symfony.com",
            "keywords": [
                "inflection",
                "pluralize",
                "singularize",
                "string",
                "symfony",
                "words"
            ],
            "time": "2020-05-20T08:37:50+00:00"
        },
        {
            "name": "symfony/polyfill-ctype",
            "version": "v1.17.1",
            "source": {
                "type": "git",
                "url": "https://github.com/symfony/polyfill-ctype.git",
                "reference": "2edd75b8b35d62fd3eeabba73b26b8f1f60ce13d"
            },
            "dist": {
                "type": "zip",
                "url": "https://api.github.com/repos/symfony/polyfill-ctype/zipball/2edd75b8b35d62fd3eeabba73b26b8f1f60ce13d",
                "reference": "2edd75b8b35d62fd3eeabba73b26b8f1f60ce13d",
                "shasum": ""
            },
            "require": {
                "php": ">=5.3.3"
            },
            "suggest": {
                "ext-ctype": "For best performance"
            },
            "type": "library",
            "extra": {
                "branch-alias": {
                    "dev-master": "1.17-dev"
                },
                "thanks": {
                    "name": "symfony/polyfill",
                    "url": "https://github.com/symfony/polyfill"
                }
            },
            "autoload": {
                "psr-4": {
                    "Symfony\\Polyfill\\Ctype\\": ""
                },
                "files": [
                    "bootstrap.php"
                ]
            },
            "notification-url": "https://packagist.org/downloads/",
            "license": [
                "MIT"
            ],
            "authors": [
                {
                    "name": "Gert de Pagter",
                    "email": "BackEndTea@gmail.com"
                },
                {
                    "name": "Symfony Community",
                    "homepage": "https://symfony.com/contributors"
                }
            ],
            "description": "Symfony polyfill for ctype functions",
            "homepage": "https://symfony.com",
            "keywords": [
                "compatibility",
                "ctype",
                "polyfill",
                "portable"
            ],
            "time": "2020-06-06T08:46:27+00:00"
        },
        {
            "name": "symfony/polyfill-intl-idn",
            "version": "v1.17.1",
            "source": {
                "type": "git",
                "url": "https://github.com/symfony/polyfill-intl-idn.git",
                "reference": "a57f8161502549a742a63c09f0a604997bf47027"
            },
            "dist": {
                "type": "zip",
                "url": "https://api.github.com/repos/symfony/polyfill-intl-idn/zipball/a57f8161502549a742a63c09f0a604997bf47027",
                "reference": "a57f8161502549a742a63c09f0a604997bf47027",
                "shasum": ""
            },
            "require": {
                "php": ">=5.3.3",
                "symfony/polyfill-mbstring": "^1.3",
                "symfony/polyfill-php72": "^1.10"
            },
            "suggest": {
                "ext-intl": "For best performance"
            },
            "type": "library",
            "extra": {
                "branch-alias": {
                    "dev-master": "1.17-dev"
                },
                "thanks": {
                    "name": "symfony/polyfill",
                    "url": "https://github.com/symfony/polyfill"
                }
            },
            "autoload": {
                "psr-4": {
                    "Symfony\\Polyfill\\Intl\\Idn\\": ""
                },
                "files": [
                    "bootstrap.php"
                ]
            },
            "notification-url": "https://packagist.org/downloads/",
            "license": [
                "MIT"
            ],
            "authors": [
                {
                    "name": "Laurent Bassin",
                    "email": "laurent@bassin.info"
                },
                {
                    "name": "Symfony Community",
                    "homepage": "https://symfony.com/contributors"
                }
            ],
            "description": "Symfony polyfill for intl's idn_to_ascii and idn_to_utf8 functions",
            "homepage": "https://symfony.com",
            "keywords": [
                "compatibility",
                "idn",
                "intl",
                "polyfill",
                "portable",
                "shim"
            ],
            "time": "2020-06-06T08:46:27+00:00"
        },
        {
            "name": "symfony/polyfill-mbstring",
            "version": "v1.17.1",
            "source": {
                "type": "git",
                "url": "https://github.com/symfony/polyfill-mbstring.git",
                "reference": "7110338d81ce1cbc3e273136e4574663627037a7"
            },
            "dist": {
                "type": "zip",
                "url": "https://api.github.com/repos/symfony/polyfill-mbstring/zipball/7110338d81ce1cbc3e273136e4574663627037a7",
                "reference": "7110338d81ce1cbc3e273136e4574663627037a7",
                "shasum": ""
            },
            "require": {
                "php": ">=5.3.3"
            },
            "suggest": {
                "ext-mbstring": "For best performance"
            },
            "type": "library",
            "extra": {
                "branch-alias": {
                    "dev-master": "1.17-dev"
                },
                "thanks": {
                    "name": "symfony/polyfill",
                    "url": "https://github.com/symfony/polyfill"
                }
            },
            "autoload": {
                "psr-4": {
                    "Symfony\\Polyfill\\Mbstring\\": ""
                },
                "files": [
                    "bootstrap.php"
                ]
            },
            "notification-url": "https://packagist.org/downloads/",
            "license": [
                "MIT"
            ],
            "authors": [
                {
                    "name": "Nicolas Grekas",
                    "email": "p@tchwork.com"
                },
                {
                    "name": "Symfony Community",
                    "homepage": "https://symfony.com/contributors"
                }
            ],
            "description": "Symfony polyfill for the Mbstring extension",
            "homepage": "https://symfony.com",
            "keywords": [
                "compatibility",
                "mbstring",
                "polyfill",
                "portable",
                "shim"
            ],
            "time": "2020-06-06T08:46:27+00:00"
        },
        {
            "name": "symfony/polyfill-php72",
            "version": "v1.17.0",
            "source": {
                "type": "git",
                "url": "https://github.com/symfony/polyfill-php72.git",
                "reference": "f048e612a3905f34931127360bdd2def19a5e582"
            },
            "dist": {
                "type": "zip",
                "url": "https://api.github.com/repos/symfony/polyfill-php72/zipball/f048e612a3905f34931127360bdd2def19a5e582",
                "reference": "f048e612a3905f34931127360bdd2def19a5e582",
                "shasum": ""
            },
            "require": {
                "php": ">=5.3.3"
            },
            "type": "library",
            "extra": {
                "branch-alias": {
                    "dev-master": "1.17-dev"
                }
            },
            "autoload": {
                "psr-4": {
                    "Symfony\\Polyfill\\Php72\\": ""
                },
                "files": [
                    "bootstrap.php"
                ]
            },
            "notification-url": "https://packagist.org/downloads/",
            "license": [
                "MIT"
            ],
            "authors": [
                {
                    "name": "Nicolas Grekas",
                    "email": "p@tchwork.com"
                },
                {
                    "name": "Symfony Community",
                    "homepage": "https://symfony.com/contributors"
                }
            ],
            "description": "Symfony polyfill backporting some PHP 7.2+ features to lower PHP versions",
            "homepage": "https://symfony.com",
            "keywords": [
                "compatibility",
                "polyfill",
                "portable",
                "shim"
            ],
            "time": "2020-05-12T16:47:27+00:00"
        },
        {
            "name": "symfony/property-info",
            "version": "v4.4.10",
            "source": {
                "type": "git",
                "url": "https://github.com/symfony/property-info.git",
                "reference": "9904ddd5a24777b744123148bfaedbd83ce66d24"
            },
            "dist": {
                "type": "zip",
                "url": "https://api.github.com/repos/symfony/property-info/zipball/9904ddd5a24777b744123148bfaedbd83ce66d24",
                "reference": "9904ddd5a24777b744123148bfaedbd83ce66d24",
                "shasum": ""
            },
            "require": {
                "php": ">=7.1.3",
                "symfony/inflector": "^3.4|^4.0|^5.0"
            },
            "conflict": {
                "phpdocumentor/reflection-docblock": "<3.0||>=3.2.0,<3.2.2",
                "phpdocumentor/type-resolver": "<0.3.0",
                "symfony/dependency-injection": "<3.4"
            },
            "require-dev": {
                "doctrine/annotations": "~1.7",
                "phpdocumentor/reflection-docblock": "^3.0|^4.0",
                "symfony/cache": "^3.4|^4.0|^5.0",
                "symfony/dependency-injection": "^3.4|^4.0|^5.0",
                "symfony/serializer": "^3.4|^4.0|^5.0"
            },
            "suggest": {
                "phpdocumentor/reflection-docblock": "To use the PHPDoc",
                "psr/cache-implementation": "To cache results",
                "symfony/doctrine-bridge": "To use Doctrine metadata",
                "symfony/serializer": "To use Serializer metadata"
            },
            "type": "library",
            "extra": {
                "branch-alias": {
                    "dev-master": "4.4-dev"
                }
            },
            "autoload": {
                "psr-4": {
                    "Symfony\\Component\\PropertyInfo\\": ""
                },
                "exclude-from-classmap": [
                    "/Tests/"
                ]
            },
            "notification-url": "https://packagist.org/downloads/",
            "license": [
                "MIT"
            ],
            "authors": [
                {
                    "name": "Kévin Dunglas",
                    "email": "dunglas@gmail.com"
                },
                {
                    "name": "Symfony Community",
                    "homepage": "https://symfony.com/contributors"
                }
            ],
            "description": "Symfony Property Info Component",
            "homepage": "https://symfony.com",
            "keywords": [
                "doctrine",
                "phpdoc",
                "property",
                "symfony",
                "type",
                "validator"
            ],
            "time": "2020-05-20T08:37:50+00:00"
        },
        {
            "name": "symfony/serializer",
            "version": "v4.4.10",
            "source": {
                "type": "git",
                "url": "https://github.com/symfony/serializer.git",
                "reference": "a91ceee34fc690a824770085192ffdeaa4476a8c"
            },
            "dist": {
                "type": "zip",
                "url": "https://api.github.com/repos/symfony/serializer/zipball/a91ceee34fc690a824770085192ffdeaa4476a8c",
                "reference": "a91ceee34fc690a824770085192ffdeaa4476a8c",
                "shasum": ""
            },
            "require": {
                "php": ">=7.1.3",
                "symfony/polyfill-ctype": "~1.8"
            },
            "conflict": {
                "phpdocumentor/type-resolver": "<0.2.1",
                "symfony/dependency-injection": "<3.4",
                "symfony/property-access": "<3.4",
                "symfony/property-info": "<3.4",
                "symfony/yaml": "<3.4"
            },
            "require-dev": {
                "doctrine/annotations": "~1.0",
                "doctrine/cache": "~1.0",
                "phpdocumentor/reflection-docblock": "^3.2|^4.0",
                "symfony/cache": "^3.4|^4.0|^5.0",
                "symfony/config": "^3.4|^4.0|^5.0",
                "symfony/dependency-injection": "^3.4|^4.0|^5.0",
                "symfony/error-handler": "^4.4|^5.0",
                "symfony/http-foundation": "^3.4|^4.0|^5.0",
                "symfony/mime": "^4.4|^5.0",
                "symfony/property-access": "^3.4|^4.0|^5.0",
                "symfony/property-info": "^3.4.13|~4.0|^5.0",
                "symfony/validator": "^3.4|^4.0|^5.0",
                "symfony/yaml": "^3.4|^4.0|^5.0"
            },
            "suggest": {
                "doctrine/annotations": "For using the annotation mapping. You will also need doctrine/cache.",
                "doctrine/cache": "For using the default cached annotation reader and metadata cache.",
                "psr/cache-implementation": "For using the metadata cache.",
                "symfony/config": "For using the XML mapping loader.",
                "symfony/http-foundation": "For using a MIME type guesser within the DataUriNormalizer.",
                "symfony/property-access": "For using the ObjectNormalizer.",
                "symfony/property-info": "To deserialize relations.",
                "symfony/yaml": "For using the default YAML mapping loader."
            },
            "type": "library",
            "extra": {
                "branch-alias": {
                    "dev-master": "4.4-dev"
                }
            },
            "autoload": {
                "psr-4": {
                    "Symfony\\Component\\Serializer\\": ""
                },
                "exclude-from-classmap": [
                    "/Tests/"
                ]
            },
            "notification-url": "https://packagist.org/downloads/",
            "license": [
                "MIT"
            ],
            "authors": [
                {
                    "name": "Fabien Potencier",
                    "email": "fabien@symfony.com"
                },
                {
                    "name": "Symfony Community",
                    "homepage": "https://symfony.com/contributors"
                }
            ],
            "description": "Symfony Serializer Component",
            "homepage": "https://symfony.com",
            "time": "2020-06-01T17:29:37+00:00"
        },
        {
            "name": "webmozart/assert",
            "version": "1.9.0",
            "source": {
                "type": "git",
                "url": "https://github.com/webmozart/assert.git",
                "reference": "9dc4f203e36f2b486149058bade43c851dd97451"
            },
            "dist": {
                "type": "zip",
                "url": "https://api.github.com/repos/webmozart/assert/zipball/9dc4f203e36f2b486149058bade43c851dd97451",
                "reference": "9dc4f203e36f2b486149058bade43c851dd97451",
                "shasum": ""
            },
            "require": {
                "php": "^5.3.3 || ^7.0",
                "symfony/polyfill-ctype": "^1.8"
            },
            "conflict": {
                "phpstan/phpstan": "<0.12.20",
                "vimeo/psalm": "<3.9.1"
            },
            "require-dev": {
                "phpunit/phpunit": "^4.8.36 || ^7.5.13"
            },
            "type": "library",
            "autoload": {
                "psr-4": {
                    "Webmozart\\Assert\\": "src/"
                }
            },
            "notification-url": "https://packagist.org/downloads/",
            "license": [
                "MIT"
            ],
            "authors": [
                {
                    "name": "Bernhard Schussek",
                    "email": "bschussek@gmail.com"
                }
            ],
            "description": "Assertions to validate method input/output with nice error messages.",
            "keywords": [
                "assert",
                "check",
                "validate"
            ],
            "time": "2020-06-16T10:16:42+00:00"
        }
    ],
    "packages-dev": [],
    "aliases": [],
    "minimum-stability": "stable",
    "stability-flags": [],
    "prefer-stable": false,
    "prefer-lowest": false,
    "platform": {
        "php": "^7.2"
    },
    "platform-dev": [],
    "platform-overrides": {
        "php": "7.2"
    }
}
